
Microsoft Visual Studio Solution File, Format Version 12.00
# Visual Studio Version 17
VisualStudioVersion = 17.4.33213.308
MinimumVisualStudioVersion = 10.0.40219.1
Project("{FAE04EC0-301F-11D3-BF4B-00C04F79EFBC}") = "Crafts.Api", "Crafts.Api\Crafts.Api.csproj", "{10B39079-B934-4AA0-B82C-7D40EE60E4FF}"
EndProject
Global
	GlobalSection(SolutionConfigurationPlatforms) = preSolution
		Debug|Any CPU = Debug|Any CPU
		Release|Any CPU = Release|Any CPU
	EndGlobalSection
	GlobalSection(ProjectConfigurationPlatforms) = postSolution
		{10B39079-B934-4AA0-B82C-7D40EE60E4FF}.Debug|Any CPU.ActiveCfg = Debug|Any CPU
		{10B39079-B934-4AA0-B82C-7D40EE60E4FF}.Debug|Any CPU.Build.0 = Debug|Any CPU
		{10B39079-B934-4AA0-B82C-7D40EE60E4FF}.Release|Any CPU.ActiveCfg = Release|Any CPU
		{10B39079-B934-4AA0-B82C-7D40EE60E4FF}.Release|Any CPU.Build.0 = Release|Any CPU
	EndGlobalSection
	GlobalSection(SolutionProperties) = preSolution
		HideSolutionNode = FALSE
	EndGlobalSection
	GlobalSection(ExtensibilityGlobals) = postSolution
		SolutionGuid = {9A01C425-F26D-45A0-B9C1-9A75755F95B3}
	EndGlobalSection
EndGlobal
